PODS:
  - Alamofire (5.1.0)
  - BonMot (5.4.1)
  - HydraAsync (1.2.1)
  - Katana (3.2.0):
    - HydraAsync (~> 1.2)
  - Logging (1.2.0)
  - lottie-ios (3.1.8)
  - PinLayout (1.8.6)
  - Tempura (4.3.1):
    - Katana (< 4, >= 3.0)
  - TempuraTesting (4.3.0):
    - Tempura (< 5.0, >= 4.0)
  - ZIPFoundation (0.9.11)

DEPENDENCIES:
  - Alamofire (= 5.1.0)
  - BonMot (= 5.4.1)
  - HydraAsync (= 1.2.1)
  - Katana (= 3.2.0)
  - Logging (= 1.2.0)
  - lottie-ios (= 3.1.8)
  - PinLayout (= 1.8.6)
  - Tempura (= 4.3.1)
  - TempuraTesting (~> 4.3)
  - ZIPFoundation (= 0.9.11)

SPEC REPOS:
  trunk:
    - Alamofire
    - BonMot
    - HydraAsync
    - Katana
    - Logging
    - lottie-ios
    - PinLayout
    - Tempura
    - TempuraTesting
    - ZIPFoundation

SPEC CHECKSUMS:
  Alamofire: 9d5c5f602928e512395b30950c5984eca840093c
  BonMot: aa82119ff2ffa184223d8a31c72aed84fbb009e0
  HydraAsync: 8f2ab62d57e140b4ca587ae0f66e1eb04e8e6965
  Katana: 1859c1fca08547e8644e58cbe292619c8c9512da
  Logging: 7838d379d234d7e5ae1265fa02804a9084caf04c
  lottie-ios: 48fac6be217c76937e36e340e2d09cf7b10b7f5f
  PinLayout: fe2a2432d6982588e208572005c941aeeae417ab
  Tempura: adc54766491f97980bcdb3dff82a92076ed825e2
  TempuraTesting: 302a6f14ec6bb8d69d30bc7708dad1c062d6730a
  ZIPFoundation: b1f0de4eed33e74a676f76e12559ab6b75990197

PODFILE CHECKSUM: 8ca3ab701ecfb1f614c3963232ee1d8071ac0eb6

COCOAPODS: 1.9.1
