PODS:
  - Alamofire (5.2.1)
  - BonMot (5.5.1)
  - HydraAsync (1.2.2)
  - Katana (3.2.0):
    - HydraAsync (~> 1.2)
  - Logging (1.2.0)
  - lottie-ios (3.1.8)
  - PinLayout (1.8.13)
  - Tempura (4.4.0):
    - Katana (< 4, >= 3.0)
  - TempuraTesting (5.0.1):
    - Tempura (< 5.0, >= 4.0)
  - ZIPFoundation (0.9.11)

DEPENDENCIES:
  - Alamofire (= 5.2.1)
  - BonMot (= 5.5.1)
  - HydraAsync (= 1.2.2)
  - Katana (= 3.2.0)
  - Logging (= 1.2.0)
  - lottie-ios (= 3.1.8)
  - PinLayout (= 1.8.13)
  - Tempura (= 4.4.0)
  - TempuraTesting (= 5.0.1)
  - ZIPFoundation (= 0.9.11)

SPEC REPOS:
  trunk:
    - Alamofire
    - BonMot
    - HydraAsync
    - Katana
    - Logging
    - lottie-ios
    - PinLayout
    - Tempura
    - TempuraTesting
    - ZIPFoundation

SPEC CHECKSUMS:
  Alamofire: e911732990610fe89af59ac0077f923d72dc3dfd
  BonMot: 0d179476725af81f622a6d9f660f43048070016a
  HydraAsync: 7fa5c0fdd89397617deb726a5b41b2ca72b8492e
  Katana: 1859c1fca08547e8644e58cbe292619c8c9512da
  Logging: 7838d379d234d7e5ae1265fa02804a9084caf04c
  lottie-ios: 48fac6be217c76937e36e340e2d09cf7b10b7f5f
  PinLayout: e41a50260a76508b7a7fcee8955c76639adc69bc
  Tempura: 9c448606f6fd20c60ab2e56a7614eeb1db6bc2a0
  TempuraTesting: 3d7aaac89c7c6cbbdc4805780961ea88807b1492
  ZIPFoundation: b1f0de4eed33e74a676f76e12559ab6b75990197

PODFILE CHECKSUM: 5a12f4b0c5cce60717e5e8ef8a2a0af5ea1de27e

COCOAPODS: 1.9.1
